
Microsoft Visual Studio Solution File, Format Version 12.00
# Visual Studio Version 16
VisualStudioVersion = 16.0.29709.97
MinimumVisualStudioVersion = 10.0.40219.1
Project("{9A19103F-16F7-4668-BE54-9A1E7A4F7556}") = "TakeMeThereXamarinForms", "TakeMeThereXamarinForms\TakeMeThereXamarinForms\TakeMeThereXamarinForms.csproj", "{051B06AD-C8A9-4224-972B-B4E32F69A39F}"
EndProject
Project("{FAE04EC0-301F-11D3-BF4B-00C04F79EFBC}") = "TakeMeThereXamarinForms.Android", "TakeMeThereXamarinForms\TakeMeThereXamarinForms.Android\TakeMeThereXamarinForms.Android.csproj", "{8F6FA4EA-05BC-4485-8B07-29041845D91E}"
EndProject
Project("{FAE04EC0-301F-11D3-BF4B-00C04F79EFBC}") = "TakeMeThereXamarinForms.UWP", "TakeMeThereXamarinForms\TakeMeThereXamarinForms.UWP\TakeMeThereXamarinForms.UWP.csproj", "{D3C0FAF8-F724-42DF-9A08-1B89F27941F0}"
EndProject
Project("{FAE04EC0-301F-11D3-BF4B-00C04F79EFBC}") = "TakeMeXamarinForms.Sqlite", "TakeMeXamarinForms.Sqlite\TakeMeXamarinForms.Sqlite.csproj", "{D4B136BF-34F8-4625-9D21-B0537AE6D88D}"
EndProject
Global
	GlobalSection(SolutionConfigurationPlatforms) = preSolution
		Debug|Any CPU = Debug|Any CPU
		Debug|ARM = Debug|ARM
		Debug|ARM64 = Debug|ARM64
		Debug|x64 = Debug|x64
		Debug|x86 = Debug|x86
		Release|Any CPU = Release|Any CPU
		Release|ARM = Release|ARM
		Release|ARM64 = Release|ARM64
		Release|x64 = Release|x64
		Release|x86 = Release|x86
	EndGlobalSection
	GlobalSection(ProjectConfigurationPlatforms) = postSolution
		{051B06AD-C8A9-4224-972B-B4E32F69A39F}.Debug|Any CPU.ActiveCfg = Debug|Any CPU
		{051B06AD-C8A9-4224-972B-B4E32F69A39F}.Debug|Any CPU.Build.0 = Debug|Any CPU
		{051B06AD-C8A9-4224-972B-B4E32F69A39F}.Debug|ARM.ActiveCfg = Debug|Any CPU
		{051B06AD-C8A9-4224-972B-B4E32F69A39F}.Debug|ARM.Build.0 = Debug|Any CPU
		{051B06AD-C8A9-4224-972B-B4E32F69A39F}.Debug|ARM64.ActiveCfg = Debug|Any CPU
		{051B06AD-C8A9-4224-972B-B4E32F69A39F}.Debug|ARM64.Build.0 = Debug|Any CPU
		{051B06AD-C8A9-4224-972B-B4E32F69A39F}.Debug|x64.ActiveCfg = Debug|Any CPU
		{051B06AD-C8A9-4224-972B-B4E32F69A39F}.Debug|x64.Build.0 = Debug|Any CPU
		{051B06AD-C8A9-4224-972B-B4E32F69A39F}.Debug|x86.ActiveCfg = Debug|Any CPU
		{051B06AD-C8A9-4224-972B-B4E32F69A39F}.Debug|x86.Build.0 = Debug|Any CPU
		{051B06AD-C8A9-4224-972B-B4E32F69A39F}.Release|Any CPU.ActiveCfg = Release|Any CPU
		{051B06AD-C8A9-4224-972B-B4E32F69A39F}.Release|Any CPU.Build.0 = Release|Any CPU
		{051B06AD-C8A9-4224-972B-B4E32F69A39F}.Release|ARM.ActiveCfg = Release|Any CPU
		{051B06AD-C8A9-4224-972B-B4E32F69A39F}.Release|ARM.Build.0 = Release|Any CPU
		{051B06AD-C8A9-4224-972B-B4E32F69A39F}.Release|ARM64.ActiveCfg = Release|Any CPU
		{051B06AD-C8A9-4224-972B-B4E32F69A39F}.Release|ARM64.Build.0 = Release|Any CPU
		{051B06AD-C8A9-4224-972B-B4E32F69A39F}.Release|x64.ActiveCfg = Release|Any CPU
		{051B06AD-C8A9-4224-972B-B4E32F69A39F}.Release|x64.Build.0 = Release|Any CPU
		{051B06AD-C8A9-4224-972B-B4E32F69A39F}.Release|x86.ActiveCfg = Release|Any CPU
		{051B06AD-C8A9-4224-972B-B4E32F69A39F}.Release|x86.Build.0 = Release|Any CPU
		{8F6FA4EA-05BC-4485-8B07-29041845D91E}.Debug|Any CPU.ActiveCfg = Debug|Any CPU
		{8F6FA4EA-05BC-4485-8B07-29041845D91E}.Debug|Any CPU.Build.0 = Debug|Any CPU
		{8F6FA4EA-05BC-4485-8B07-29041845D91E}.Debug|Any CPU.Deploy.0 = Debug|Any CPU
		{8F6FA4EA-05BC-4485-8B07-29041845D91E}.Debug|ARM.ActiveCfg = Debug|Any CPU
		{8F6FA4EA-05BC-4485-8B07-29041845D91E}.Debug|ARM.Build.0 = Debug|Any CPU
		{8F6FA4EA-05BC-4485-8B07-29041845D91E}.Debug|ARM.Deploy.0 = Debug|Any CPU
		{8F6FA4EA-05BC-4485-8B07-29041845D91E}.Debug|ARM64.ActiveCfg = Debug|Any CPU
		{8F6FA4EA-05BC-4485-8B07-29041845D91E}.Debug|ARM64.Build.0 = Debug|Any CPU
		{8F6FA4EA-05BC-4485-8B07-29041845D91E}.Debug|ARM64.Deploy.0 = Debug|Any CPU
		{8F6FA4EA-05BC-4485-8B07-29041845D91E}.Debug|x64.ActiveCfg = Debug|Any CPU
		{8F6FA4EA-05BC-4485-8B07-29041845D91E}.Debug|x64.Build.0 = Debug|Any CPU
		{8F6FA4EA-05BC-4485-8B07-29041845D91E}.Debug|x64.Deploy.0 = Debug|Any CPU
		{8F6FA4EA-05BC-4485-8B07-29041845D91E}.Debug|x86.ActiveCfg = Debug|Any CPU
		{8F6FA4EA-05BC-4485-8B07-29041845D91E}.Debug|x86.Build.0 = Debug|Any CPU
		{8F6FA4EA-05BC-4485-8B07-29041845D91E}.Debug|x86.Deploy.0 = Debug|Any CPU
		{8F6FA4EA-05BC-4485-8B07-29041845D91E}.Release|Any CPU.ActiveCfg = Release|Any CPU
		{8F6FA4EA-05BC-4485-8B07-29041845D91E}.Release|Any CPU.Build.0 = Release|Any CPU
		{8F6FA4EA-05BC-4485-8B07-29041845D91E}.Release|Any CPU.Deploy.0 = Release|Any CPU
		{8F6FA4EA-05BC-4485-8B07-29041845D91E}.Release|ARM.ActiveCfg = Release|Any CPU
		{8F6FA4EA-05BC-4485-8B07-29041845D91E}.Release|ARM.Build.0 = Release|Any CPU
		{8F6FA4EA-05BC-4485-8B07-29041845D91E}.Release|ARM.Deploy.0 = Release|Any CPU
		{8F6FA4EA-05BC-4485-8B07-29041845D91E}.Release|ARM64.ActiveCfg = Release|Any CPU
		{8F6FA4EA-05BC-4485-8B07-29041845D91E}.Release|ARM64.Build.0 = Release|Any CPU
		{8F6FA4EA-05BC-4485-8B07-29041845D91E}.Release|ARM64.Deploy.0 = Release|Any CPU
		{8F6FA4EA-05BC-4485-8B07-29041845D91E}.Release|x64.ActiveCfg = Release|Any CPU
		{8F6FA4EA-05BC-4485-8B07-29041845D91E}.Release|x64.Build.0 = Release|Any CPU
		{8F6FA4EA-05BC-4485-8B07-29041845D91E}.Release|x64.Deploy.0 = Release|Any CPU
		{8F6FA4EA-05BC-4485-8B07-29041845D91E}.Release|x86.ActiveCfg = Release|Any CPU
		{8F6FA4EA-05BC-4485-8B07-29041845D91E}.Release|x86.Build.0 = Release|Any CPU
		{8F6FA4EA-05BC-4485-8B07-29041845D91E}.Release|x86.Deploy.0 = Release|Any CPU
		{D3C0FAF8-F724-42DF-9A08-1B89F27941F0}.Debug|Any CPU.ActiveCfg = Debug|x86
		{D3C0FAF8-F724-42DF-9A08-1B89F27941F0}.Debug|ARM.ActiveCfg = Debug|ARM
		{D3C0FAF8-F724-42DF-9A08-1B89F27941F0}.Debug|ARM.Build.0 = Debug|ARM
		{D3C0FAF8-F724-42DF-9A08-1B89F27941F0}.Debug|ARM.Deploy.0 = Debug|ARM
		{D3C0FAF8-F724-42DF-9A08-1B89F27941F0}.Debug|ARM64.ActiveCfg = Debug|ARM64
		{D3C0FAF8-F724-42DF-9A08-1B89F27941F0}.Debug|ARM64.Build.0 = Debug|ARM64
		{D3C0FAF8-F724-42DF-9A08-1B89F27941F0}.Debug|ARM64.Deploy.0 = Debug|ARM64
		{D3C0FAF8-F724-42DF-9A08-1B89F27941F0}.Debug|x64.ActiveCfg = Debug|x64
		{D3C0FAF8-F724-42DF-9A08-1B89F27941F0}.Debug|x64.Build.0 = Debug|x64
		{D3C0FAF8-F724-42DF-9A08-1B89F27941F0}.Debug|x64.Deploy.0 = Debug|x64
		{D3C0FAF8-F724-42DF-9A08-1B89F27941F0}.Debug|x86.ActiveCfg = Debug|x86
		{D3C0FAF8-F724-42DF-9A08-1B89F27941F0}.Debug|x86.Build.0 = Debug|x86
		{D3C0FAF8-F724-42DF-9A08-1B89F27941F0}.Debug|x86.Deploy.0 = Debug|x86
		{D3C0FAF8-F724-42DF-9A08-1B89F27941F0}.Release|Any CPU.ActiveCfg = Release|x86
		{D3C0FAF8-F724-42DF-9A08-1B89F27941F0}.Release|ARM.ActiveCfg = Release|ARM
		{D3C0FAF8-F724-42DF-9A08-1B89F27941F0}.Release|ARM.Build.0 = Release|ARM
		{D3C0FAF8-F724-42DF-9A08-1B89F27941F0}.Release|ARM.Deploy.0 = Release|ARM
		{D3C0FAF8-F724-42DF-9A08-1B89F27941F0}.Release|ARM64.ActiveCfg = Release|ARM64
		{D3C0FAF8-F724-42DF-9A08-1B89F27941F0}.Release|ARM64.Build.0 = Release|ARM64
		{D3C0FAF8-F724-42DF-9A08-1B89F27941F0}.Release|ARM64.Deploy.0 = Release|ARM64
		{D3C0FAF8-F724-42DF-9A08-1B89F27941F0}.Release|x64.ActiveCfg = Release|x64
		{D3C0FAF8-F724-42DF-9A08-1B89F27941F0}.Release|x64.Build.0 = Release|x64
		{D3C0FAF8-F724-42DF-9A08-1B89F27941F0}.Release|x64.Deploy.0 = Release|x64
		{D3C0FAF8-F724-42DF-9A08-1B89F27941F0}.Release|x86.ActiveCfg = Release|x86
		{D3C0FAF8-F724-42DF-9A08-1B89F27941F0}.Release|x86.Build.0 = Release|x86
		{D3C0FAF8-F724-42DF-9A08-1B89F27941F0}.Release|x86.Deploy.0 = Release|x86
		{D4B136BF-34F8-4625-9D21-B0537AE6D88D}.Debug|Any CPU.ActiveCfg = Debug|Any CPU
		{D4B136BF-34F8-4625-9D21-B0537AE6D88D}.Debug|Any CPU.Build.0 = Debug|Any CPU
		{D4B136BF-34F8-4625-9D21-B0537AE6D88D}.Debug|ARM.ActiveCfg = Debug|Any CPU
		{D4B136BF-34F8-4625-9D21-B0537AE6D88D}.Debug|ARM.Build.0 = Debug|Any CPU
		{D4B136BF-34F8-4625-9D21-B0537AE6D88D}.Debug|ARM64.ActiveCfg = Debug|Any CPU
		{D4B136BF-34F8-4625-9D21-B0537AE6D88D}.Debug|ARM64.Build.0 = Debug|Any CPU
		{D4B136BF-34F8-4625-9D21-B0537AE6D88D}.Debug|x64.ActiveCfg = Debug|Any CPU
		{D4B136BF-34F8-4625-9D21-B0537AE6D88D}.Debug|x64.Build.0 = Debug|Any CPU
		{D4B136BF-34F8-4625-9D21-B0537AE6D88D}.Debug|x86.ActiveCfg = Debug|Any CPU
		{D4B136BF-34F8-4625-9D21-B0537AE6D88D}.Debug|x86.Build.0 = Debug|Any CPU
		{D4B136BF-34F8-4625-9D21-B0537AE6D88D}.Release|Any CPU.ActiveCfg = Release|Any CPU
		{D4B136BF-34F8-4625-9D21-B0537AE6D88D}.Release|Any CPU.Build.0 = Release|Any CPU
		{D4B136BF-34F8-4625-9D21-B0537AE6D88D}.Release|ARM.ActiveCfg = Release|Any CPU
		{D4B136BF-34F8-4625-9D21-B0537AE6D88D}.Release|ARM.Build.0 = Release|Any CPU
		{D4B136BF-34F8-4625-9D21-B0537AE6D88D}.Release|ARM64.ActiveCfg = Release|Any CPU
		{D4B136BF-34F8-4625-9D21-B0537AE6D88D}.Release|ARM64.Build.0 = Release|Any CPU
		{D4B136BF-34F8-4625-9D21-B0537AE6D88D}.Release|x64.ActiveCfg = Release|Any CPU
		{D4B136BF-34F8-4625-9D21-B0537AE6D88D}.Release|x64.Build.0 = Release|Any CPU
		{D4B136BF-34F8-4625-9D21-B0537AE6D88D}.Release|x86.ActiveCfg = Release|Any CPU
		{D4B136BF-34F8-4625-9D21-B0537AE6D88D}.Release|x86.Build.0 = Release|Any CPU
	EndGlobalSection
	GlobalSection(SolutionProperties) = preSolution
		HideSolutionNode = FALSE
	EndGlobalSection
	GlobalSection(ExtensibilityGlobals) = postSolution
		SolutionGuid = {D82F1DEA-33AD-4818-B0FD-C39EE15EEE22}
	EndGlobalSection
EndGlobal
